
Microsoft Visual Studio Solution File, Format Version 12.00
# Visual Studio Version 16
VisualStudioVersion = 16.0.29409.12
MinimumVisualStudioVersion = 10.0.40219.1
Project("{FAE04EC0-301F-11D3-BF4B-00C04F79EFBC}") = "zad1", "zad1.csproj", "{AF672ADC-1F94-445B-8D51-1E37F91D6C8C}"
EndProject
Global
	GlobalSection(SolutionConfigurationPlatforms) = preSolution
		Debug|Any CPU = Debug|Any CPU
		Release|Any CPU = Release|Any CPU
	EndGlobalSection
	GlobalSection(ProjectConfigurationPlatforms) = postSolution
		{AF672ADC-1F94-445B-8D51-1E37F91D6C8C}.Debug|Any CPU.ActiveCfg = Debug|Any CPU
		{AF672ADC-1F94-445B-8D51-1E37F91D6C8C}.Debug|Any CPU.Build.0 = Debug|Any CPU
		{AF672ADC-1F94-445B-8D51-1E37F91D6C8C}.Release|Any CPU.ActiveCfg = Release|Any CPU
		{AF672ADC-1F94-445B-8D51-1E37F91D6C8C}.Release|Any CPU.Build.0 = Release|Any CPU
	EndGlobalSection
	GlobalSection(SolutionProperties) = preSolution
		HideSolutionNode = FALSE
	EndGlobalSection
	GlobalSection(ExtensibilityGlobals) = postSolution
		SolutionGuid = {200C7D21-F912-4FAF-A8D3-D92F3199766B}
	EndGlobalSection
EndGlobal
